
Microsoft Visual Studio Solution File, Format Version 12.00
# Visual Studio Version 17
VisualStudioVersion = 17.0.31903.59
MinimumVisualStudioVersion = 10.0.40219.1
Project("{2150E333-8FDC-42A3-9474-1A3956D46DE8}") = "src", "src", "{827E0CD3-B72D-47B6-A68D-7590B98EB39B}"
EndProject
Project("{FAE04EC0-301F-11D3-BF4B-00C04F79EFBC}") = "Catalog.API", "src\Catalog.API\Catalog.API.csproj", "{E2CD30B1-226B-49D1-9A35-8AF02D9281C3}"
EndProject
Project("{FAE04EC0-301F-11D3-BF4B-00C04F79EFBC}") = "Basket.API", "src\Basket.API\Basket.API.csproj", "{7D1484DF-1743-4482-A53C-2D8BC3B74169}"
EndProject
Project("{FAE04EC0-301F-11D3-BF4B-00C04F79EFBC}") = "Ordering.API", "src\Ordering.API\Ordering.API.csproj", "{88D83595-8F72-4542-9941-AB0CBCC5156E}"
EndProject
Project("{FAE04EC0-301F-11D3-BF4B-00C04F79EFBC}") = "AIAssistant.API", "src\AIAssistant.API\AIAssistant.API.csproj", "{B24CC1E6-9B6C-4CC8-BA00-0BD8C26AA448}"
EndProject
Project("{FAE04EC0-301F-11D3-BF4B-00C04F79EFBC}") = "ECommerce.Shared", "src\ECommerce.Shared\ECommerce.Shared.csproj", "{ECA5986A-A1E0-426B-9EE3-967A9441C18E}"
EndProject
Global
	GlobalSection(SolutionConfigurationPlatforms) = preSolution
		Debug|Any CPU = Debug|Any CPU
		Debug|x64 = Debug|x64
		Debug|x86 = Debug|x86
		Release|Any CPU = Release|Any CPU
		Release|x64 = Release|x64
		Release|x86 = Release|x86
	EndGlobalSection
	GlobalSection(ProjectConfigurationPlatforms) = postSolution
		{E2CD30B1-226B-49D1-9A35-8AF02D9281C3}.Debug|Any CPU.ActiveCfg = Debug|Any CPU
		{E2CD30B1-226B-49D1-9A35-8AF02D9281C3}.Debug|Any CPU.Build.0 = Debug|Any CPU
		{E2CD30B1-226B-49D1-9A35-8AF02D9281C3}.Debug|x64.ActiveCfg = Debug|Any CPU
		{E2CD30B1-226B-49D1-9A35-8AF02D9281C3}.Debug|x64.Build.0 = Debug|Any CPU
		{E2CD30B1-226B-49D1-9A35-8AF02D9281C3}.Debug|x86.ActiveCfg = Debug|Any CPU
		{E2CD30B1-226B-49D1-9A35-8AF02D9281C3}.Debug|x86.Build.0 = Debug|Any CPU
		{E2CD30B1-226B-49D1-9A35-8AF02D9281C3}.Release|Any CPU.ActiveCfg = Release|Any CPU
		{E2CD30B1-226B-49D1-9A35-8AF02D9281C3}.Release|Any CPU.Build.0 = Release|Any CPU
		{E2CD30B1-226B-49D1-9A35-8AF02D9281C3}.Release|x64.ActiveCfg = Release|Any CPU
		{E2CD30B1-226B-49D1-9A35-8AF02D9281C3}.Release|x64.Build.0 = Release|Any CPU
		{E2CD30B1-226B-49D1-9A35-8AF02D9281C3}.Release|x86.ActiveCfg = Release|Any CPU
		{E2CD30B1-226B-49D1-9A35-8AF02D9281C3}.Release|x86.Build.0 = Release|Any CPU
		{7D1484DF-1743-4482-A53C-2D8BC3B74169}.Debug|Any CPU.ActiveCfg = Debug|Any CPU
		{7D1484DF-1743-4482-A53C-2D8BC3B74169}.Debug|Any CPU.Build.0 = Debug|Any CPU
		{7D1484DF-1743-4482-A53C-2D8BC3B74169}.Debug|x64.ActiveCfg = Debug|Any CPU
		{7D1484DF-1743-4482-A53C-2D8BC3B74169}.Debug|x64.Build.0 = Debug|Any CPU
		{7D1484DF-1743-4482-A53C-2D8BC3B74169}.Debug|x86.ActiveCfg = Debug|Any CPU
		{7D1484DF-1743-4482-A53C-2D8BC3B74169}.Debug|x86.Build.0 = Debug|Any CPU
		{7D1484DF-1743-4482-A53C-2D8BC3B74169}.Release|Any CPU.ActiveCfg = Release|Any CPU
		{7D1484DF-1743-4482-A53C-2D8BC3B74169}.Release|Any CPU.Build.0 = Release|Any CPU
		{7D1484DF-1743-4482-A53C-2D8BC3B74169}.Release|x64.ActiveCfg = Release|Any CPU
		{7D1484DF-1743-4482-A53C-2D8BC3B74169}.Release|x64.Build.0 = Release|Any CPU
		{7D1484DF-1743-4482-A53C-2D8BC3B74169}.Release|x86.ActiveCfg = Release|Any CPU
		{7D1484DF-1743-4482-A53C-2D8BC3B74169}.Release|x86.Build.0 = Release|Any CPU
		{88D83595-8F72-4542-9941-AB0CBCC5156E}.Debug|Any CPU.ActiveCfg = Debug|Any CPU
		{88D83595-8F72-4542-9941-AB0CBCC5156E}.Debug|Any CPU.Build.0 = Debug|Any CPU
		{88D83595-8F72-4542-9941-AB0CBCC5156E}.Debug|x64.ActiveCfg = Debug|Any CPU
		{88D83595-8F72-4542-9941-AB0CBCC5156E}.Debug|x64.Build.0 = Debug|Any CPU
		{88D83595-8F72-4542-9941-AB0CBCC5156E}.Debug|x86.ActiveCfg = Debug|Any CPU
		{88D83595-8F72-4542-9941-AB0CBCC5156E}.Debug|x86.Build.0 = Debug|Any CPU
		{88D83595-8F72-4542-9941-AB0CBCC5156E}.Release|Any CPU.ActiveCfg = Release|Any CPU
		{88D83595-8F72-4542-9941-AB0CBCC5156E}.Release|Any CPU.Build.0 = Release|Any CPU
		{88D83595-8F72-4542-9941-AB0CBCC5156E}.Release|x64.ActiveCfg = Release|Any CPU
		{88D83595-8F72-4542-9941-AB0CBCC5156E}.Release|x64.Build.0 = Release|Any CPU
		{88D83595-8F72-4542-9941-AB0CBCC5156E}.Release|x86.ActiveCfg = Release|Any CPU
		{88D83595-8F72-4542-9941-AB0CBCC5156E}.Release|x86.Build.0 = Release|Any CPU
		{B24CC1E6-9B6C-4CC8-BA00-0BD8C26AA448}.Debug|Any CPU.ActiveCfg = Debug|Any CPU
		{B24CC1E6-9B6C-4CC8-BA00-0BD8C26AA448}.Debug|Any CPU.Build.0 = Debug|Any CPU
		{B24CC1E6-9B6C-4CC8-BA00-0BD8C26AA448}.Debug|x64.ActiveCfg = Debug|Any CPU
		{B24CC1E6-9B6C-4CC8-BA00-0BD8C26AA448}.Debug|x64.Build.0 = Debug|Any CPU
		{B24CC1E6-9B6C-4CC8-BA00-0BD8C26AA448}.Debug|x86.ActiveCfg = Debug|Any CPU
		{B24CC1E6-9B6C-4CC8-BA00-0BD8C26AA448}.Debug|x86.Build.0 = Debug|Any CPU
		{B24CC1E6-9B6C-4CC8-BA00-0BD8C26AA448}.Release|Any CPU.ActiveCfg = Release|Any CPU
		{B24CC1E6-9B6C-4CC8-BA00-0BD8C26AA448}.Release|Any CPU.Build.0 = Release|Any CPU
		{B24CC1E6-9B6C-4CC8-BA00-0BD8C26AA448}.Release|x64.ActiveCfg = Release|Any CPU
		{B24CC1E6-9B6C-4CC8-BA00-0BD8C26AA448}.Release|x64.Build.0 = Release|Any CPU
		{B24CC1E6-9B6C-4CC8-BA00-0BD8C26AA448}.Release|x86.ActiveCfg = Release|Any CPU
		{B24CC1E6-9B6C-4CC8-BA00-0BD8C26AA448}.Release|x86.Build.0 = Release|Any CPU
		{ECA5986A-A1E0-426B-9EE3-967A9441C18E}.Debug|Any CPU.ActiveCfg = Debug|Any CPU
		{ECA5986A-A1E0-426B-9EE3-967A9441C18E}.Debug|Any CPU.Build.0 = Debug|Any CPU
		{ECA5986A-A1E0-426B-9EE3-967A9441C18E}.Debug|x64.ActiveCfg = Debug|Any CPU
		{ECA5986A-A1E0-426B-9EE3-967A9441C18E}.Debug|x64.Build.0 = Debug|Any CPU
		{ECA5986A-A1E0-426B-9EE3-967A9441C18E}.Debug|x86.ActiveCfg = Debug|Any CPU
		{ECA5986A-A1E0-426B-9EE3-967A9441C18E}.Debug|x86.Build.0 = Debug|Any CPU
		{ECA5986A-A1E0-426B-9EE3-967A9441C18E}.Release|Any CPU.ActiveCfg = Release|Any CPU
		{ECA5986A-A1E0-426B-9EE3-967A9441C18E}.Release|Any CPU.Build.0 = Release|Any CPU
		{ECA5986A-A1E0-426B-9EE3-967A9441C18E}.Release|x64.ActiveCfg = Release|Any CPU
		{ECA5986A-A1E0-426B-9EE3-967A9441C18E}.Release|x64.Build.0 = Release|Any CPU
		{ECA5986A-A1E0-426B-9EE3-967A9441C18E}.Release|x86.ActiveCfg = Release|Any CPU
		{ECA5986A-A1E0-426B-9EE3-967A9441C18E}.Release|x86.Build.0 = Release|Any CPU
	EndGlobalSection
	GlobalSection(SolutionProperties) = preSolution
		HideSolutionNode = FALSE
	EndGlobalSection
	GlobalSection(NestedProjects) = preSolution
		{E2CD30B1-226B-49D1-9A35-8AF02D9281C3} = {827E0CD3-B72D-47B6-A68D-7590B98EB39B}
		{7D1484DF-1743-4482-A53C-2D8BC3B74169} = {827E0CD3-B72D-47B6-A68D-7590B98EB39B}
		{88D83595-8F72-4542-9941-AB0CBCC5156E} = {827E0CD3-B72D-47B6-A68D-7590B98EB39B}
		{B24CC1E6-9B6C-4CC8-BA00-0BD8C26AA448} = {827E0CD3-B72D-47B6-A68D-7590B98EB39B}
		{ECA5986A-A1E0-426B-9EE3-967A9441C18E} = {827E0CD3-B72D-47B6-A68D-7590B98EB39B}
	EndGlobalSection
EndGlobal
